
Microsoft Visual Studio Solution File, Format Version 12.00
# Visual Studio 15
VisualStudioVersion = 15.0.27428.2015
MinimumVisualStudioVersion = 10.0.40219.1
Project("{8BC9CEB8-8B4A-11D0-8D11-00A0C91BC942}") = "BOJ_2588", "BOJ_2588\BOJ_2588.vcxproj", "{BBF20934-EDCA-4CAA-908D-2F72C8DB36D0}"
EndProject
Global
	GlobalSection(SolutionConfigurationPlatforms) = preSolution
		Debug|x64 = Debug|x64
		Debug|x86 = Debug|x86
		Release|x64 = Release|x64
		Release|x86 = Release|x86
	EndGlobalSection
	GlobalSection(ProjectConfigurationPlatforms) = postSolution
		{BBF20934-EDCA-4CAA-908D-2F72C8DB36D0}.Debug|x64.ActiveCfg = Debug|x64
		{BBF20934-EDCA-4CAA-908D-2F72C8DB36D0}.Debug|x64.Build.0 = Debug|x64
		{BBF20934-EDCA-4CAA-908D-2F72C8DB36D0}.Debug|x86.ActiveCfg = Debug|Win32
		{BBF20934-EDCA-4CAA-908D-2F72C8DB36D0}.Debug|x86.Build.0 = Debug|Win32
		{BBF20934-EDCA-4CAA-908D-2F72C8DB36D0}.Release|x64.ActiveCfg = Release|x64
		{BBF20934-EDCA-4CAA-908D-2F72C8DB36D0}.Release|x64.Build.0 = Release|x64
		{BBF20934-EDCA-4CAA-908D-2F72C8DB36D0}.Release|x86.ActiveCfg = Release|Win32
		{BBF20934-EDCA-4CAA-908D-2F72C8DB36D0}.Release|x86.Build.0 = Release|Win32
	EndGlobalSection
	GlobalSection(SolutionProperties) = preSolution
		HideSolutionNode = FALSE
	EndGlobalSection
	GlobalSection(ExtensibilityGlobals) = postSolution
		SolutionGuid = {4C1A0D93-89D9-434C-99A8-6D3779E919AA}
	EndGlobalSection
EndGlobal
