
Microsoft Visual Studio Solution File, Format Version 12.00
# Visual Studio 15
VisualStudioVersion = 15.0.27428.2015
MinimumVisualStudioVersion = 10.0.40219.1
Project("{8BC9CEB8-8B4A-11D0-8D11-00A0C91BC942}") = "BOOJ_10871", "BOOJ_10871\BOOJ_10871.vcxproj", "{0C10E375-55A9-4B90-B206-2A058E5D5A98}"
EndProject
Global
	GlobalSection(SolutionConfigurationPlatforms) = preSolution
		Debug|x64 = Debug|x64
		Debug|x86 = Debug|x86
		Release|x64 = Release|x64
		Release|x86 = Release|x86
	EndGlobalSection
	GlobalSection(ProjectConfigurationPlatforms) = postSolution
		{0C10E375-55A9-4B90-B206-2A058E5D5A98}.Debug|x64.ActiveCfg = Debug|x64
		{0C10E375-55A9-4B90-B206-2A058E5D5A98}.Debug|x64.Build.0 = Debug|x64
		{0C10E375-55A9-4B90-B206-2A058E5D5A98}.Debug|x86.ActiveCfg = Debug|Win32
		{0C10E375-55A9-4B90-B206-2A058E5D5A98}.Debug|x86.Build.0 = Debug|Win32
		{0C10E375-55A9-4B90-B206-2A058E5D5A98}.Release|x64.ActiveCfg = Release|x64
		{0C10E375-55A9-4B90-B206-2A058E5D5A98}.Release|x64.Build.0 = Release|x64
		{0C10E375-55A9-4B90-B206-2A058E5D5A98}.Release|x86.ActiveCfg = Release|Win32
		{0C10E375-55A9-4B90-B206-2A058E5D5A98}.Release|x86.Build.0 = Release|Win32
	EndGlobalSection
	GlobalSection(SolutionProperties) = preSolution
		HideSolutionNode = FALSE
	EndGlobalSection
	GlobalSection(ExtensibilityGlobals) = postSolution
		SolutionGuid = {507B9E3C-CD85-4CE2-953D-2BF49BC603CF}
	EndGlobalSection
EndGlobal
